
Microsoft Visual Studio Solution File, Format Version 12.00
# Visual Studio 2012
Project("{F2A71F9B-5D33-465A-A702-920D77279786}") = "ProjectEulerSolutions", "ProjectEulerSolutions\ProjectEulerSolutions.fsproj", "{546CE6D3-04BF-45F8-BBE9-777C6C67B60E}"
EndProject
Global
	GlobalSection(SolutionConfigurationPlatforms) = preSolution
		Debug|Any CPU = Debug|Any CPU
		Release|Any CPU = Release|Any CPU
	EndGlobalSection
	GlobalSection(ProjectConfigurationPlatforms) = postSolution
		{546CE6D3-04BF-45F8-BBE9-777C6C67B60E}.Debug|Any CPU.ActiveCfg = Debug|Any CPU
		{546CE6D3-04BF-45F8-BBE9-777C6C67B60E}.Debug|Any CPU.Build.0 = Debug|Any CPU
		{546CE6D3-04BF-45F8-BBE9-777C6C67B60E}.Release|Any CPU.ActiveCfg = Release|Any CPU
		{546CE6D3-04BF-45F8-BBE9-777C6C67B60E}.Release|Any CPU.Build.0 = Release|Any CPU
	EndGlobalSection
	GlobalSection(SolutionProperties) = preSolution
		HideSolutionNode = FALSE
	EndGlobalSection
EndGlobal
